[[package]]
name = "atk-sys"
version = "0.5.0"
source = "git+https://github.com/gtk-rs/sys#53beb6a4ac6816199b5a536200388c5134fd31ff"
dependencies = [
 "bitflags 1.0.1 (registry+https://github.com/rust-lang/crates.io-index)",
 "glib-sys 0.5.0 (git+https://github.com/gtk-rs/sys)",
 "gobject-sys 0.5.0 (git+https://github.com/gtk-rs/sys)",
 "libc 0.2.36 (registry+https://github.com/rust-lang/crates.io-index)",
 "pkg-config 0.3.9 (registry+https://github.com/rust-lang/crates.io-index)",
]

[[package]]
name = "bitflags"
version = "1.0.1"
source = "registry+https://github.com/rust-lang/crates.io-index"

[[package]]
name = "c_vec"
version = "1.3.0"
source = "registry+https://github.com/rust-lang/crates.io-index"

[[package]]
name = "cairo-rs"
version = "0.3.0"
source = "git+https://github.com/gtk-rs/cairo#b01edff7468052ad1951fd9793323a231b858e82"
dependencies = [
 "c_vec 1.3.0 (registry+https://github.com/rust-lang/crates.io-index)",
 "cairo-sys-rs 0.5.0 (git+https://github.com/gtk-rs/cairo)",
 "glib 0.4.1 (git+https://github.com/gtk-rs/glib)",
 "glib-sys 0.5.0 (git+https://github.com/gtk-rs/sys)",
 "libc 0.2.36 (registry+https://github.com/rust-lang/crates.io-index)",
]

[[package]]
name = "cairo-sys-rs"
version = "0.5.0"
source = "git+https://github.com/gtk-rs/cairo#b01edff7468052ad1951fd9793323a231b858e82"
dependencies = [
 "libc 0.2.36 (registry+https://github.com/rust-lang/crates.io-index)",
 "pkg-config 0.3.9 (registry+https://github.com/rust-lang/crates.io-index)",
 "winapi 0.3.4 (registry+https://github.com/rust-lang/crates.io-index)",
]

[[package]]
name = "gdk"
version = "0.7.0"
source = "git+https://github.com/gtk-rs/gdk#ac4653d6eb6b303f3aaee095da9f09bffd6025f9"
dependencies = [
 "bitflags 1.0.1 (registry+https://github.com/rust-lang/crates.io-index)",
 "cairo-rs 0.3.0 (git+https://github.com/gtk-rs/cairo)",
 "cairo-sys-rs 0.5.0 (git+https://github.com/gtk-rs/cairo)",
 "gdk-pixbuf 0.3.0 (git+https://github.com/gtk-rs/gdk-pixbuf)",
 "gdk-sys 0.5.0 (git+https://github.com/gtk-rs/sys)",
 "gio 0.3.0 (git+https://github.com/gtk-rs/gio)",
 "glib 0.4.1 (git+https://github.com/gtk-rs/glib)",
 "glib-sys 0.5.0 (git+https://github.com/gtk-rs/sys)",
 "gobject-sys 0.5.0 (git+https://github.com/gtk-rs/sys)",
 "libc 0.2.36 (registry+https://github.com/rust-lang/crates.io-index)",
 "pango 0.3.0 (git+https://github.com/gtk-rs/pango)",
]

[[package]]
name = "gdk-pixbuf"
version = "0.3.0"
source = "git+https://github.com/gtk-rs/gdk-pixbuf#2aba23ce68840f38c86fc11b462fa7bef7f53777"
dependencies = [
 "gdk-pixbuf-sys 0.5.0 (git+https://github.com/gtk-rs/sys)",
 "gio 0.3.0 (git+https://github.com/gtk-rs/gio)",
 "gio-sys 0.5.0 (git+https://github.com/gtk-rs/sys)",
 "glib 0.4.1 (git+https://github.com/gtk-rs/glib)",
 "glib-sys 0.5.0 (git+https://github.com/gtk-rs/sys)",
 "gobject-sys 0.5.0 (git+https://github.com/gtk-rs/sys)",
 "libc 0.2.36 (registry+https://github.com/rust-lang/crates.io-index)",
]

[[package]]
name = "gdk-pixbuf-sys"
version = "0.5.0"
source = "git+https://github.com/gtk-rs/sys#53beb6a4ac6816199b5a536200388c5134fd31ff"
dependencies = [
 "bitflags 1.0.1 (registry+https://github.com/rust-lang/crates.io-index)",
 "gio-sys 0.5.0 (git+https://github.com/gtk-rs/sys)",
 "glib-sys 0.5.0 (git+https://github.com/gtk-rs/sys)",
 "gobject-sys 0.5.0 (git+https://github.com/gtk-rs/sys)",
 "libc 0.2.36 (registry+https://github.com/rust-lang/crates.io-index)",
 "pkg-config 0.3.9 (registry+https://github.com/rust-lang/crates.io-index)",
]

[[package]]
name = "gdk-sys"
version = "0.5.0"
source = "git+https://github.com/gtk-rs/sys#53beb6a4ac6816199b5a536200388c5134fd31ff"
dependencies = [
 "bitflags 1.0.1 (registry+https://github.com/rust-lang/crates.io-index)",
 "cairo-sys-rs 0.5.0 (git+https://github.com/gtk-rs/cairo)",
 "gdk-pixbuf-sys 0.5.0 (git+https://github.com/gtk-rs/sys)",
 "gio-sys 0.5.0 (git+https://github.com/gtk-rs/sys)",
 "glib-sys 0.5.0 (git+https://github.com/gtk-rs/sys)",
 "gobject-sys 0.5.0 (git+https://github.com/gtk-rs/sys)",
 "libc 0.2.36 (registry+https://github.com/rust-lang/crates.io-index)",
 "pango-sys 0.5.0 (git+https://github.com/gtk-rs/sys)",
 "pkg-config 0.3.9 (registry+https://github.com/rust-lang/crates.io-index)",
]

[[package]]
name = "gio"
version = "0.3.0"
source = "git+https://github.com/gtk-rs/gio#6eb083c522d5faed255c2e99d9ddfe7dfee2d159"
dependencies = [
 "bitflags 1.0.1 (registry+https://github.com/rust-lang/crates.io-index)",
 "gio-sys 0.5.0 (git+https://github.com/gtk-rs/sys)",
 "glib 0.4.1 (git+https://github.com/gtk-rs/glib)",
 "glib-sys 0.5.0 (git+https://github.com/gtk-rs/sys)",
 "gobject-sys 0.5.0 (git+https://github.com/gtk-rs/sys)",
 "libc 0.2.36 (registry+https://github.com/rust-lang/crates.io-index)",
]

[[package]]
name = "gio-sys"
version = "0.5.0"
source = "git+https://github.com/gtk-rs/sys#53beb6a4ac6816199b5a536200388c5134fd31ff"
dependencies = [
 "bitflags 1.0.1 (registry+https://github.com/rust-lang/crates.io-index)",
 "glib-sys 0.5.0 (git+https://github.com/gtk-rs/sys)",
 "gobject-sys 0.5.0 (git+https://github.com/gtk-rs/sys)",
 "libc 0.2.36 (registry+https://github.com/rust-lang/crates.io-index)",
 "pkg-config 0.3.9 (registry+https://github.com/rust-lang/crates.io-index)",
]

[[package]]
name = "glib"
version = "0.4.1"
source = "git+https://github.com/gtk-rs/glib#d36c43a0119844ac30f1aea50d6f3ed8ae05b617"
dependencies = [
 "bitflags 1.0.1 (registry+https://github.com/rust-lang/crates.io-index)",
 "glib-sys 0.5.0 (git+https://github.com/gtk-rs/sys)",
 "gobject-sys 0.5.0 (git+https://github.com/gtk-rs/sys)",
 "lazy_static 1.0.0 (registry+https://github.com/rust-lang/crates.io-index)",
 "libc 0.2.36 (registry+https://github.com/rust-lang/crates.io-index)",
]

[[package]]
name = "glib-sys"
version = "0.5.0"
source = "git+https://github.com/gtk-rs/sys#53beb6a4ac6816199b5a536200388c5134fd31ff"
dependencies = [
 "bitflags 1.0.1 (registry+https://github.com/rust-lang/crates.io-index)",
 "libc 0.2.36 (registry+https://github.com/rust-lang/crates.io-index)",
 "pkg-config 0.3.9 (registry+https://github.com/rust-lang/crates.io-index)",
]

[[package]]
name = "gobject-sys"
version = "0.5.0"
source = "git+https://github.com/gtk-rs/sys#53beb6a4ac6816199b5a536200388c5134fd31ff"
dependencies = [
 "bitflags 1.0.1 (registry+https://github.com/rust-lang/crates.io-index)",
 "glib-sys 0.5.0 (git+https://github.com/gtk-rs/sys)",
 "libc 0.2.36 (registry+https://github.com/rust-lang/crates.io-index)",
 "pkg-config 0.3.9 (registry+https://github.com/rust-lang/crates.io-index)",
]

[[package]]
name = "gtk"
version = "0.3.0"
source = "git+https://github.com/gtk-rs/gtk.git#b3af34228bef07e0c22829437d73144857fa44d7"
dependencies = [
 "bitflags 1.0.1 (registry+https://github.com/rust-lang/crates.io-index)",
 "cairo-rs 0.3.0 (git+https://github.com/gtk-rs/cairo)",
 "cairo-sys-rs 0.5.0 (git+https://github.com/gtk-rs/cairo)",
 "gdk 0.7.0 (git+https://github.com/gtk-rs/gdk)",
 "gdk-pixbuf 0.3.0 (git+https://github.com/gtk-rs/gdk-pixbuf)",
 "gdk-pixbuf-sys 0.5.0 (git+https://github.com/gtk-rs/sys)",
 "gdk-sys 0.5.0 (git+https://github.com/gtk-rs/sys)",
 "gio 0.3.0 (git+https://github.com/gtk-rs/gio)",
 "gio-sys 0.5.0 (git+https://github.com/gtk-rs/sys)",
 "glib 0.4.1 (git+https://github.com/gtk-rs/glib)",
 "glib-sys 0.5.0 (git+https://github.com/gtk-rs/sys)",
 "gobject-sys 0.5.0 (git+https://github.com/gtk-rs/sys)",
 "gtk-sys 0.5.0 (git+https://github.com/gtk-rs/sys)",
 "libc 0.2.36 (registry+https://github.com/rust-lang/crates.io-index)",
 "pango 0.3.0 (git+https://github.com/gtk-rs/pango)",
]

[[package]]
name = "gtk-sys"
version = "0.5.0"
source = "git+https://github.com/gtk-rs/sys#53beb6a4ac6816199b5a536200388c5134fd31ff"
dependencies = [
 "atk-sys 0.5.0 (git+https://github.com/gtk-rs/sys)",
 "bitflags 1.0.1 (registry+https://github.com/rust-lang/crates.io-index)",
 "cairo-sys-rs 0.5.0 (git+https://github.com/gtk-rs/cairo)",
 "gdk-pixbuf-sys 0.5.0 (git+https://github.com/gtk-rs/sys)",
 "gdk-sys 0.5.0 (git+https://github.com/gtk-rs/sys)",
 "gio-sys 0.5.0 (git+https://github.com/gtk-rs/sys)",
 "glib-sys 0.5.0 (git+https://github.com/gtk-rs/sys)",
 "gobject-sys 0.5.0 (git+https://github.com/gtk-rs/sys)",
 "libc 0.2.36 (registry+https://github.com/rust-lang/crates.io-index)",
 "pango-sys 0.5.0 (git+https://github.com/gtk-rs/sys)",
 "pkg-config 0.3.9 (registry+https://github.com/rust-lang/crates.io-index)",
]

[[package]]
name = "idna"
version = "0.1.4"
source = "registry+https://github.com/rust-lang/crates.io-index"
dependencies = [
 "matches 0.1.6 (registry+https://github.com/rust-lang/crates.io-index)",
 "unicode-bidi 0.3.4 (registry+https://github.com/rust-lang/crates.io-index)",
 "unicode-normalization 0.1.5 (registry+https://github.com/rust-lang/crates.io-index)",
]

[[package]]
name = "lazy_static"
version = "1.0.0"
source = "registry+https://github.com/rust-lang/crates.io-index"

[[package]]
name = "libc"
version = "0.2.36"
source = "registry+https://github.com/rust-lang/crates.io-index"

[[package]]
name = "matches"
version = "0.1.6"
source = "registry+https://github.com/rust-lang/crates.io-index"

[[package]]
name = "nautilus-extension"
version = "0.3.1"
source = "registry+https://github.com/rust-lang/crates.io-index"
dependencies = [
 "gio-sys 0.5.0 (git+https://github.com/gtk-rs/sys)",
 "glib-sys 0.5.0 (git+https://github.com/gtk-rs/sys)",
 "gobject-sys 0.5.0 (git+https://github.com/gtk-rs/sys)",
 "gtk-sys 0.5.0 (git+https://github.com/gtk-rs/sys)",
 "lazy_static 1.0.0 (registry+https://github.com/rust-lang/crates.io-index)",
 "libc 0.2.36 (registry+https://github.com/rust-lang/crates.io-index)",
 "nautilus-extension-sys 0.3.0 (registry+https://github.com/rust-lang/crates.io-index)",
]

[[package]]
name = "nautilus-extension-sys"
version = "0.3.0"
source = "registry+https://github.com/rust-lang/crates.io-index"
dependencies = [
 "gio-sys 0.5.0 (git+https://github.com/gtk-rs/sys)",
 "glib-sys 0.5.0 (git+https://github.com/gtk-rs/sys)",
 "gobject-sys 0.5.0 (git+https://github.com/gtk-rs/sys)",
 "gtk-sys 0.5.0 (git+https://github.com/gtk-rs/sys)",
 "libc 0.2.36 (registry+https://github.com/rust-lang/crates.io-index)",
]

[[package]]
name = "pango"
version = "0.3.0"
source = "git+https://github.com/gtk-rs/pango#19f67bf8156ec57222479915b474d6277264aefb"
dependencies = [
 "bitflags 1.0.1 (registry+https://github.com/rust-lang/crates.io-index)",
 "glib 0.4.1 (git+https://github.com/gtk-rs/glib)",
 "glib-sys 0.5.0 (git+https://github.com/gtk-rs/sys)",
 "gobject-sys 0.5.0 (git+https://github.com/gtk-rs/sys)",
 "libc 0.2.36 (registry+https://github.com/rust-lang/crates.io-index)",
 "pango-sys 0.5.0 (git+https://github.com/gtk-rs/sys)",
]

[[package]]
name = "pango-sys"
version = "0.5.0"
source = "git+https://github.com/gtk-rs/sys#53beb6a4ac6816199b5a536200388c5134fd31ff"
dependencies = [
 "bitflags 1.0.1 (registry+https://github.com/rust-lang/crates.io-index)",
 "glib-sys 0.5.0 (git+https://github.com/gtk-rs/sys)",
 "gobject-sys 0.5.0 (git+https://github.com/gtk-rs/sys)",
 "libc 0.2.36 (registry+https://github.com/rust-lang/crates.io-index)",
 "pkg-config 0.3.9 (registry+https://github.com/rust-lang/crates.io-index)",
]

[[package]]
name = "percent-encoding"
version = "1.0.1"
source = "registry+https://github.com/rust-lang/crates.io-index"

[[package]]
name = "pkg-config"
version = "0.3.9"
source = "registry+https://github.com/rust-lang/crates.io-index"

[[package]]
name = "tmsu-nautilus"
version = "0.4.2"
dependencies = [
 "gdk 0.7.0 (git+https://github.com/gtk-rs/gdk)",
 "glib 0.4.1 (git+https://github.com/gtk-rs/glib)",
 "glib-sys 0.5.0 (git+https://github.com/gtk-rs/sys)",
 "gobject-sys 0.5.0 (git+https://github.com/gtk-rs/sys)",
 "gtk 0.3.0 (git+https://github.com/gtk-rs/gtk.git)",
 "gtk-sys 0.5.0 (git+https://github.com/gtk-rs/sys)",
 "libc 0.2.36 (registry+https://github.com/rust-lang/crates.io-index)",
 "nautilus-extension 0.3.1 (registry+https://github.com/rust-lang/crates.io-index)",
 "url 1.6.0 (registry+https://github.com/rust-lang/crates.io-index)",
]

[[package]]
name = "unicode-bidi"
version = "0.3.4"
source = "registry+https://github.com/rust-lang/crates.io-index"
dependencies = [
 "matches 0.1.6 (registry+https://github.com/rust-lang/crates.io-index)",
]

[[package]]
name = "unicode-normalization"
version = "0.1.5"
source = "registry+https://github.com/rust-lang/crates.io-index"

[[package]]
name = "url"
version = "1.6.0"
source = "registry+https://github.com/rust-lang/crates.io-index"
dependencies = [
 "idna 0.1.4 (registry+https://github.com/rust-lang/crates.io-index)",
 "matches 0.1.6 (registry+https://github.com/rust-lang/crates.io-index)",
 "percent-encoding 1.0.1 (registry+https://github.com/rust-lang/crates.io-index)",
]

[[package]]
name = "winapi"
version = "0.3.4"
source = "registry+https://github.com/rust-lang/crates.io-index"
dependencies = [
 "winapi-i686-pc-windows-gnu 0.4.0 (registry+https://github.com/rust-lang/crates.io-index)",
 "winapi-x86_64-pc-windows-gnu 0.4.0 (registry+https://github.com/rust-lang/crates.io-index)",
]

[[package]]
name = "winapi-i686-pc-windows-gnu"
version = "0.4.0"
source = "registry+https://github.com/rust-lang/crates.io-index"

[[package]]
name = "winapi-x86_64-pc-windows-gnu"
version = "0.4.0"
source = "registry+https://github.com/rust-lang/crates.io-index"

[metadata]
"checksum atk-sys 0.5.0 (git+https://github.com/gtk-rs/sys)" = "<none>"
"checksum bitflags 1.0.1 (registry+https://github.com/rust-lang/crates.io-index)" = "b3c30d3802dfb7281680d6285f2ccdaa8c2d8fee41f93805dba5c4cf50dc23cf"
"checksum c_vec 1.3.0 (registry+https://github.com/rust-lang/crates.io-index)" = "11f56b93adbca81a4ed1bb654070013b496a9b0b259a296281f4be24af84debd"
"checksum cairo-rs 0.3.0 (git+https://github.com/gtk-rs/cairo)" = "<none>"
"checksum cairo-sys-rs 0.5.0 (git+https://github.com/gtk-rs/cairo)" = "<none>"
"checksum gdk 0.7.0 (git+https://github.com/gtk-rs/gdk)" = "<none>"
"checksum gdk-pixbuf 0.3.0 (git+https://github.com/gtk-rs/gdk-pixbuf)" = "<none>"
"checksum gdk-pixbuf-sys 0.5.0 (git+https://github.com/gtk-rs/sys)" = "<none>"
"checksum gdk-sys 0.5.0 (git+https://github.com/gtk-rs/sys)" = "<none>"
"checksum gio 0.3.0 (git+https://github.com/gtk-rs/gio)" = "<none>"
"checksum gio-sys 0.5.0 (git+https://github.com/gtk-rs/sys)" = "<none>"
"checksum glib 0.4.1 (git+https://github.com/gtk-rs/glib)" = "<none>"
"checksum glib-sys 0.5.0 (git+https://github.com/gtk-rs/sys)" = "<none>"
"checksum gobject-sys 0.5.0 (git+https://github.com/gtk-rs/sys)" = "<none>"
"checksum gtk 0.3.0 (git+https://github.com/gtk-rs/gtk.git)" = "<none>"
"checksum gtk-sys 0.5.0 (git+https://github.com/gtk-rs/sys)" = "<none>"
"checksum idna 0.1.4 (registry+https://github.com/rust-lang/crates.io-index)" = "014b298351066f1512874135335d62a789ffe78a9974f94b43ed5621951eaf7d"
"checksum lazy_static 1.0.0 (registry+https://github.com/rust-lang/crates.io-index)" = "c8f31047daa365f19be14b47c29df4f7c3b581832407daabe6ae77397619237d"
"checksum libc 0.2.36 (registry+https://github.com/rust-lang/crates.io-index)" = "1e5d97d6708edaa407429faa671b942dc0f2727222fb6b6539bf1db936e4b121"
"checksum matches 0.1.6 (registry+https://github.com/rust-lang/crates.io-index)" = "100aabe6b8ff4e4a7e32c1c13523379802df0772b82466207ac25b013f193376"
"checksum nautilus-extension 0.3.1 (registry+https://github.com/rust-lang/crates.io-index)" = "808f4111e908a18a53144b0b8bda01d1466d01ea18b771735b0a1c4f1b1d307c"
"checksum nautilus-extension-sys 0.3.0 (registry+https://github.com/rust-lang/crates.io-index)" = "a5481d399dad2930143038ae054d03798680ffb036360d1c6736b116fb748da1"
"checksum pango 0.3.0 (git+https://github.com/gtk-rs/pango)" = "<none>"
"checksum pango-sys 0.5.0 (git+https://github.com/gtk-rs/sys)" = "<none>"
"checksum percent-encoding 1.0.1 (registry+https://github.com/rust-lang/crates.io-index)" = "31010dd2e1ac33d5b46a5b413495239882813e0369f8ed8a5e266f173602f831"
"checksum pkg-config 0.3.9 (registry+https://github.com/rust-lang/crates.io-index)" = "3a8b4c6b8165cd1a1cd4b9b120978131389f64bdaf456435caa41e630edba903"
"checksum unicode-bidi 0.3.4 (registry+https://github.com/rust-lang/crates.io-index)" = "49f2bd0c6468a8230e1db229cff8029217cf623c767ea5d60bfbd42729ea54d5"
"checksum unicode-normalization 0.1.5 (registry+https://github.com/rust-lang/crates.io-index)" = "51ccda9ef9efa3f7ef5d91e8f9b83bbe6955f9bf86aec89d5cce2c874625920f"
"checksum url 1.6.0 (registry+https://github.com/rust-lang/crates.io-index)" = "fa35e768d4daf1d85733418a49fb42e10d7f633e394fccab4ab7aba897053fe2"
"checksum winapi 0.3.4 (registry+https://github.com/rust-lang/crates.io-index)" = "04e3bd221fcbe8a271359c04f21a76db7d0c6028862d1bb5512d85e1e2eb5bb3"
"checksum winapi-i686-pc-windows-gnu 0.4.0 (registry+https://github.com/rust-lang/crates.io-index)" = "ac3b87c63620426dd9b991e5ce0329eff545bccbbb34f3be09ff6fb6ab51b7b6"
"checksum winapi-x86_64-pc-windows-gnu 0.4.0 (registry+https://github.com/rust-lang/crates.io-index)" = "712e227841d057c1ee1cd2fb22fa7e5a5461ae8e48fa2ca79ec42cfc1931183f"
